
Microsoft Visual Studio Solution File, Format Version 12.00
# Visual Studio 15
VisualStudioVersion = 15.0.27703.2035
MinimumVisualStudioVersion = 10.0.40219.1
Project("{FAE04EC0-301F-11D3-BF4B-00C04F79EFBC}") = "Practica No. 2-3", "Proyecto3_Diplomado_Web_MVC_UASD_Registro\Practica No. 2-3.csproj", "{60269BFE-0EC2-4BCB-B249-858C35661E1A}"
EndProject
Global
	GlobalSection(SolutionConfigurationPlatforms) = preSolution
		Debug|Any CPU = Debug|Any CPU
		Release|Any CPU = Release|Any CPU
	EndGlobalSection
	GlobalSection(ProjectConfigurationPlatforms) = postSolution
		{60269BFE-0EC2-4BCB-B249-858C35661E1A}.Debug|Any CPU.ActiveCfg = Debug|Any CPU
		{60269BFE-0EC2-4BCB-B249-858C35661E1A}.Debug|Any CPU.Build.0 = Debug|Any CPU
		{60269BFE-0EC2-4BCB-B249-858C35661E1A}.Release|Any CPU.ActiveCfg = Release|Any CPU
		{60269BFE-0EC2-4BCB-B249-858C35661E1A}.Release|Any CPU.Build.0 = Release|Any CPU
	EndGlobalSection
	GlobalSection(SolutionProperties) = preSolution
		HideSolutionNode = FALSE
	EndGlobalSection
	GlobalSection(ExtensibilityGlobals) = postSolution
		SolutionGuid = {A23AF5C3-9FFA-49A1-B410-CF4E89138004}
	EndGlobalSection
EndGlobal
